
Microsoft Visual Studio Solution File, Format Version 12.00
Project("{FAE04EC0-301F-11D3-BF4B-00C04F79EFBC}") = "Authorisations", "Authorisations\Authorisations.csproj", "{4744F5CD-DC2A-4D2B-B318-507576C1AB7D}"
EndProject
Project("{FAE04EC0-301F-11D3-BF4B-00C04F79EFBC}") = "Tests.Controllers", "Tests.Controllers\Tests.Controllers.csproj", "{2C98F092-5EC8-45D2-B459-86740E85A0B6}"
EndProject
Project("{FAE04EC0-301F-11D3-BF4B-00C04F79EFBC}") = "RequestsApp", "RequestsApp\RequestsApp.csproj", "{9C8ABB7D-C145-4E44-8671-4644B6F9851B}"
EndProject
Project("{FAE04EC0-301F-11D3-BF4B-00C04F79EFBC}") = "Tests.RequestApp", "Tests.RequestApp\Tests.RequestApp.csproj", "{FE0E15D6-E119-4C68-BA29-57AC0E154CDC}"
EndProject
Project("{FAE04EC0-301F-11D3-BF4B-00C04F79EFBC}") = "Requests", "Requests\Requests.csproj", "{0B9FFFCF-9728-4E3D-ADED-381B3CB92AA5}"
EndProject
Project("{FAE04EC0-301F-11D3-BF4B-00C04F79EFBC}") = "Tests.Requests", "Tests.Requests\Tests.Requests.csproj", "{BE9B25EF-E6EF-47E7-BC95-7DE2EA9D1173}"
EndProject
Project("{FAE04EC0-301F-11D3-BF4B-00C04F79EFBC}") = "Tests.CreateTestRequests", "Tests.CreateTestRequests\Tests.CreateTestRequests.csproj", "{84B4F81B-E16A-4121-93EC-AEB40AA3808D}"
EndProject
Project("{FAE04EC0-301F-11D3-BF4B-00C04F79EFBC}") = "Tests.Helpers", "Tests.Helpers\Tests.Helpers.csproj", "{8A0C5AB0-7F46-4765-B25E-9092469CFCF3}"
EndProject
Project("{FAE04EC0-301F-11D3-BF4B-00C04F79EFBC}") = "Requests.Shared", "Requests.Shared\Requests.Shared.csproj", "{6E0C7927-A9D9-4EF4-A791-A3B2ED70F4DF}"
EndProject
Global
	GlobalSection(SolutionConfigurationPlatforms) = preSolution
		Debug|Any CPU = Debug|Any CPU
		Release|Any CPU = Release|Any CPU
	EndGlobalSection
	GlobalSection(ProjectConfigurationPlatforms) = postSolution
		{4744F5CD-DC2A-4D2B-B318-507576C1AB7D}.Debug|Any CPU.ActiveCfg = Debug|Any CPU
		{4744F5CD-DC2A-4D2B-B318-507576C1AB7D}.Debug|Any CPU.Build.0 = Debug|Any CPU
		{4744F5CD-DC2A-4D2B-B318-507576C1AB7D}.Release|Any CPU.ActiveCfg = Release|Any CPU
		{4744F5CD-DC2A-4D2B-B318-507576C1AB7D}.Release|Any CPU.Build.0 = Release|Any CPU
		{2C98F092-5EC8-45D2-B459-86740E85A0B6}.Debug|Any CPU.ActiveCfg = Debug|Any CPU
		{2C98F092-5EC8-45D2-B459-86740E85A0B6}.Debug|Any CPU.Build.0 = Debug|Any CPU
		{2C98F092-5EC8-45D2-B459-86740E85A0B6}.Release|Any CPU.ActiveCfg = Release|Any CPU
		{2C98F092-5EC8-45D2-B459-86740E85A0B6}.Release|Any CPU.Build.0 = Release|Any CPU
		{9C8ABB7D-C145-4E44-8671-4644B6F9851B}.Debug|Any CPU.ActiveCfg = Debug|Any CPU
		{9C8ABB7D-C145-4E44-8671-4644B6F9851B}.Debug|Any CPU.Build.0 = Debug|Any CPU
		{9C8ABB7D-C145-4E44-8671-4644B6F9851B}.Release|Any CPU.ActiveCfg = Release|Any CPU
		{9C8ABB7D-C145-4E44-8671-4644B6F9851B}.Release|Any CPU.Build.0 = Release|Any CPU
		{FE0E15D6-E119-4C68-BA29-57AC0E154CDC}.Debug|Any CPU.ActiveCfg = Debug|Any CPU
		{FE0E15D6-E119-4C68-BA29-57AC0E154CDC}.Debug|Any CPU.Build.0 = Debug|Any CPU
		{FE0E15D6-E119-4C68-BA29-57AC0E154CDC}.Release|Any CPU.ActiveCfg = Release|Any CPU
		{FE0E15D6-E119-4C68-BA29-57AC0E154CDC}.Release|Any CPU.Build.0 = Release|Any CPU
		{0B9FFFCF-9728-4E3D-ADED-381B3CB92AA5}.Debug|Any CPU.ActiveCfg = Debug|Any CPU
		{0B9FFFCF-9728-4E3D-ADED-381B3CB92AA5}.Debug|Any CPU.Build.0 = Debug|Any CPU
		{0B9FFFCF-9728-4E3D-ADED-381B3CB92AA5}.Release|Any CPU.ActiveCfg = Release|Any CPU
		{0B9FFFCF-9728-4E3D-ADED-381B3CB92AA5}.Release|Any CPU.Build.0 = Release|Any CPU
		{BE9B25EF-E6EF-47E7-BC95-7DE2EA9D1173}.Debug|Any CPU.ActiveCfg = Debug|Any CPU
		{BE9B25EF-E6EF-47E7-BC95-7DE2EA9D1173}.Debug|Any CPU.Build.0 = Debug|Any CPU
		{BE9B25EF-E6EF-47E7-BC95-7DE2EA9D1173}.Release|Any CPU.ActiveCfg = Release|Any CPU
		{BE9B25EF-E6EF-47E7-BC95-7DE2EA9D1173}.Release|Any CPU.Build.0 = Release|Any CPU
		{84B4F81B-E16A-4121-93EC-AEB40AA3808D}.Debug|Any CPU.ActiveCfg = Debug|Any CPU
		{84B4F81B-E16A-4121-93EC-AEB40AA3808D}.Debug|Any CPU.Build.0 = Debug|Any CPU
		{84B4F81B-E16A-4121-93EC-AEB40AA3808D}.Release|Any CPU.ActiveCfg = Release|Any CPU
		{84B4F81B-E16A-4121-93EC-AEB40AA3808D}.Release|Any CPU.Build.0 = Release|Any CPU
		{8A0C5AB0-7F46-4765-B25E-9092469CFCF3}.Debug|Any CPU.ActiveCfg = Debug|Any CPU
		{8A0C5AB0-7F46-4765-B25E-9092469CFCF3}.Debug|Any CPU.Build.0 = Debug|Any CPU
		{8A0C5AB0-7F46-4765-B25E-9092469CFCF3}.Release|Any CPU.ActiveCfg = Release|Any CPU
		{8A0C5AB0-7F46-4765-B25E-9092469CFCF3}.Release|Any CPU.Build.0 = Release|Any CPU
		{6E0C7927-A9D9-4EF4-A791-A3B2ED70F4DF}.Debug|Any CPU.ActiveCfg = Debug|Any CPU
		{6E0C7927-A9D9-4EF4-A791-A3B2ED70F4DF}.Debug|Any CPU.Build.0 = Debug|Any CPU
		{6E0C7927-A9D9-4EF4-A791-A3B2ED70F4DF}.Release|Any CPU.ActiveCfg = Release|Any CPU
		{6E0C7927-A9D9-4EF4-A791-A3B2ED70F4DF}.Release|Any CPU.Build.0 = Release|Any CPU
	EndGlobalSection
EndGlobal
